{
  "name": "@cap-cross/server",
  "version": "0.0.1",
  "lockfileVersion": 1,
  "requires": true,
  "dependencies": {
    "@gql2ts/from-schema": {
      "version": "1.10.1"
    },
    "@types/node": {
      "version": "9.6.41",
      "dev": true
    },
    "ansi-regex": {
      "version": "3.0.0",
      "dev": true
    },
    "cliui": {
      "version": "4.1.0",
      "dev": true,
      "requires": {
        "strip-ansi": "^4.0.0"
      }
    },
    "fn-name": {
      "version": "1.0.1"
    },
    "fs-extra": {
      "version": "6.0.0",
      "dev": true
    },
    "graphql": {
      "version": "0.13.2"
    },
    "graphql-import": {
      "version": "0.5.3"
    },
    "graphql-tools": {
      "version": "3.1.1"
    },
    "is-extglob": {
      "version": "2.1.1"
    },
    "is-glob": {
      "version": "4.0.0",
      "requires": {
        "is-extglob": "^2.1.1"
      }
    },
    "jest": {
      "version": "22.4.4",
      "dev": true
    },
    "merge-graphql-schemas": {
      "version": "1.5.8",
      "requires": {
        "is-glob": "^4.0.0"
      }
    },
    "strip-ansi": {
      "version": "4.0.0",
      "dev": true,
      "requires": {
        "ansi-regex": "^3.0.0"
      }
    },
    "synchronous-promise": {
      "version": "1.0.18"
    },
    "toposort": {
      "version": "0.2.12"
    },
    "ts-jest": {
      "version": "22.4.6",
      "dev": true,
      "requires": {
        "fs-extra": "6.0.0",
        "yargs": "^11.0.0"
      }
    },
    "typescript": {
      "version": "2.9.2",
      "dev": true
    },
    "yargs": {
      "version": "11.1.0",
      "dev": true,
      "requires": {
        "cliui": "^4.0.0",
        "yargs-parser": "^9.0.2"
      }
    },
    "yargs-parser": {
      "version": "9.0.2",
      "dev": true
    },
    "yup": {
      "version": "0.24.1",
      "requires": {
        "fn-name": "~1.0.1",
        "synchronous-promise": "^1.0.18",
        "toposort": "^0.2.10"
      }
    }
  }
}
